
Microsoft Visual Studio Solution File, Format Version 12.00
# Visual Studio Version 17
VisualStudioVersion = 17.4.33213.308
MinimumVisualStudioVersion = 10.0.40219.1
Project("{FAE04EC0-301F-11D3-BF4B-00C04F79EFBC}") = "DataStructures", "DataStructures\DataStructures.csproj", "{27D0CC5A-1C45-451B-A963-A9438C85F6B8}"
EndProject
Global
	GlobalSection(SolutionConfigurationPlatforms) = preSolution
		Debug|Any CPU = Debug|Any CPU
		Release|Any CPU = Release|Any CPU
	EndGlobalSection
	GlobalSection(ProjectConfigurationPlatforms) = postSolution
		{27D0CC5A-1C45-451B-A963-A9438C85F6B8}.Debug|Any CPU.ActiveCfg = Debug|Any CPU
		{27D0CC5A-1C45-451B-A963-A9438C85F6B8}.Debug|Any CPU.Build.0 = Debug|Any CPU
		{27D0CC5A-1C45-451B-A963-A9438C85F6B8}.Release|Any CPU.ActiveCfg = Release|Any CPU
		{27D0CC5A-1C45-451B-A963-A9438C85F6B8}.Release|Any CPU.Build.0 = Release|Any CPU
	EndGlobalSection
	GlobalSection(SolutionProperties) = preSolution
		HideSolutionNode = FALSE
	EndGlobalSection
	GlobalSection(ExtensibilityGlobals) = postSolution
		SolutionGuid = {69E69B52-47AF-4788-AEA2-653E97610582}
	EndGlobalSection
EndGlobal
